// !$*UTF8*$!
{
	archiveVersion = 1;
	classes = {
	};
	objectVersion = 60;
	objects = {

/* Begin PBXBuildFile section */
		BD02575F2C1A3DAE00514B96 /* TaskAddBar.swift in Sources */ = {isa = PBXBuildFile; fileRef = BD02575E2C1A3DAD00514B96 /* TaskAddBar.swift */; };
		BD0257612C1A3DC100514B96 /* Focused.swift in Sources */ = {isa = PBXBuildFile; fileRef = BD0257602C1A3DBE00514B96 /* Focused.swift */; };
		BD5B0B572C1B9529003F214C /* ContentView.swift in Sources */ = {isa = PBXBuildFile; fileRef = BD5B0B562C1B9529003F214C /* ContentView.swift */; };
		BD719D112C19F893007B06F1 /* TaskRowView.swift in Sources */ = {isa = PBXBuildFile; fileRef = BD719D102C19F890007B06F1 /* TaskRowView.swift */; };
		BD719D132C1A0FFB007B06F1 /* SearchView.swift in Sources */ = {isa = PBXBuildFile; fileRef = BD719D122C1A0FF9007B06F1 /* SearchView.swift */; };
		BD719D152C1A1013007B06F1 /* ByDateView.swift in Sources */ = {isa = PBXBuildFile; fileRef = BD719D142C1A100D007B06F1 /* ByDateView.swift */; };
		BD719D1B2C1A10A6007B06F1 /* TagListView.swift in Sources */ = {isa = PBXBuildFile; fileRef = BD719D1A2C1A10A6007B06F1 /* TagListView.swift */; };
		BD719D1D2C1A110C007B06F1 /* InboxView.swift in Sources */ = {isa = PBXBuildFile; fileRef = BD719D1C2C1A110B007B06F1 /* InboxView.swift */; };
		BD719D222C1A12B8007B06F1 /* TaskListView.swift in Sources */ = {isa = PBXBuildFile; fileRef = BD719D212C1A12B8007B06F1 /* TaskListView.swift */; };
		BDAD8EF92C18A0DF00278317 /* LastlyApp.swift in Sources */ = {isa = PBXBuildFile; fileRef = BDAD8EF82C18A0DF00278317 /* LastlyApp.swift */; };
		BDAD8EFB2C18A0DF00278317 /* HomeView.swift in Sources */ = {isa = PBXBuildFile; fileRef = BDAD8EFA2C18A0DF00278317 /* HomeView.swift */; };
		BDAD8EFD2C18A0E100278317 /* Assets.xcassets in Resources */ = {isa = PBXBuildFile; fileRef = BDAD8EFC2C18A0E100278317 /* Assets.xcassets */; };
		BDAD8F012C18A0E100278317 /* Preview Assets.xcassets in Resources */ = {isa = PBXBuildFile; fileRef = BDAD8F002C18A0E100278317 /* Preview Assets.xcassets */; };
		BDAD8F082C18A13E00278317 /* LastlyTask.swift in Sources */ = {isa = PBXBuildFile; fileRef = BDAD8F072C18A13E00278317 /* LastlyTask.swift */; };
		BDAD8F0A2C18B33800278317 /* LastlyTag.swift in Sources */ = {isa = PBXBuildFile; fileRef = BDAD8F092C18B33800278317 /* LastlyTag.swift */; };
		BDAD8F0E2C18BA6900278317 /* NavigationManager.swift in Sources */ = {isa = PBXBuildFile; fileRef = BDAD8F0D2C18BA6900278317 /* NavigationManager.swift */; };
		BDAD8F102C18BDF400278317 /* PreviewSamples.swift in Sources */ = {isa = PBXBuildFile; fileRef = BDAD8F0F2C18BDF400278317 /* PreviewSamples.swift */; };
/* End PBXBuildFile section */

/* Begin PBXFileReference section */
		BD02575E2C1A3DAD00514B96 /* TaskAddBar.swift */ = {isa = PBXFileReference; lastKnownFileType = sourcecode.swift; path = TaskAddBar.swift; sourceTree = "<group>"; };
		BD0257602C1A3DBE00514B96 /* Focused.swift */ = {isa = PBXFileReference; lastKnownFileType = sourcecode.swift; path = Focused.swift; sourceTree = "<group>"; };
		BD5B0B562C1B9529003F214C /* ContentView.swift */ = {isa = PBXFileReference; lastKnownFileType = sourcecode.swift; path = ContentView.swift; sourceTree = "<group>"; };
		BD719D102C19F890007B06F1 /* TaskRowView.swift */ = {isa = PBXFileReference; lastKnownFileType = sourcecode.swift; path = TaskRowView.swift; sourceTree = "<group>"; };
		BD719D122C1A0FF9007B06F1 /* SearchView.swift */ = {isa = PBXFileReference; lastKnownFileType = sourcecode.swift; path = SearchView.swift; sourceTree = "<group>"; };
		BD719D142C1A100D007B06F1 /* ByDateView.swift */ = {isa = PBXFileReference; lastKnownFileType = sourcecode.swift; path = ByDateView.swift; sourceTree = "<group>"; };
		BD719D1A2C1A10A6007B06F1 /* TagListView.swift */ = {isa = PBXFileReference; lastKnownFileType = sourcecode.swift; path = TagListView.swift; sourceTree = "<group>"; };
		BD719D1C2C1A110B007B06F1 /* InboxView.swift */ = {isa = PBXFileReference; lastKnownFileType = sourcecode.swift; path = InboxView.swift; sourceTree = "<group>"; };
		BD719D212C1A12B8007B06F1 /* TaskListView.swift */ = {isa = PBXFileReference; lastKnownFileType = sourcecode.swift; path = TaskListView.swift; sourceTree = "<group>"; };
		BDAD8EF52C18A0DF00278317 /* Lastly.app */ = {isa = PBXFileReference; explicitFileType = wrapper.application; includeInIndex = 0; path = Lastly.app; sourceTree = BUILT_PRODUCTS_DIR; };
		BDAD8EF82C18A0DF00278317 /* LastlyApp.swift */ = {isa = PBXFileReference; lastKnownFileType = sourcecode.swift; path = LastlyApp.swift; sourceTree = "<group>"; };
		BDAD8EFA2C18A0DF00278317 /* HomeView.swift */ = {isa = PBXFileReference; lastKnownFileType = sourcecode.swift; path = HomeView.swift; sourceTree = "<group>"; };
		BDAD8EFC2C18A0E100278317 /* Assets.xcassets */ = {isa = PBXFileReference; lastKnownFileType = folder.assetcatalog; path = Assets.xcassets; sourceTree = "<group>"; };
		BDAD8EFE2C18A0E100278317 /* Lastly.entitlements */ = {isa = PBXFileReference; lastKnownFileType = text.plist.entitlements; path = Lastly.entitlements; sourceTree = "<group>"; };
		BDAD8F002C18A0E100278317 /* Preview Assets.xcassets */ = {isa = PBXFileReference; lastKnownFileType = folder.assetcatalog; path = "Preview Assets.xcassets"; sourceTree = "<group>"; };
		BDAD8F072C18A13E00278317 /* LastlyTask.swift */ = {isa = PBXFileReference; lastKnownFileType = sourcecode.swift; path = LastlyTask.swift; sourceTree = "<group>"; };
		BDAD8F092C18B33800278317 /* LastlyTag.swift */ = {isa = PBXFileReference; lastKnownFileType = sourcecode.swift; name = LastlyTag.swift; path = /Users/feoa/Developer/Lastly/Lastly/LastlyTag.swift; sourceTree = "<absolute>"; };
		BDAD8F0D2C18BA6900278317 /* NavigationManager.swift */ = {isa = PBXFileReference; lastKnownFileType = sourcecode.swift; path = NavigationManager.swift; sourceTree = "<group>"; };
		BDAD8F0F2C18BDF400278317 /* PreviewSamples.swift */ = {isa = PBXFileReference; lastKnownFileType = sourcecode.swift; path = PreviewSamples.swift; sourceTree = "<group>"; };
/* End PBXFileReference section */

/* Begin PBXFrameworksBuildPhase section */
		BDAD8EF22C18A0DF00278317 /* Frameworks */ = {
			isa = PBXFrameworksBuildPhase;
			buildActionMask = 2147483647;
			files = (
			);
			runOnlyForDeploymentPostprocessing = 0;
		};
/* End PBXFrameworksBuildPhase section */

/* Begin PBXGroup section */
		BDAD8EEC2C18A0DF00278317 = {
			isa = PBXGroup;
			children = (
				BDAD8EF72C18A0DF00278317 /* Lastly */,
				BDAD8EF62C18A0DF00278317 /* Products */,
			);
			sourceTree = "<group>";
		};
		BDAD8EF62C18A0DF00278317 /* Products */ = {
			isa = PBXGroup;
			children = (
				BDAD8EF52C18A0DF00278317 /* Lastly.app */,
			);
			name = Products;
			sourceTree = "<group>";
		};
		BDAD8EF72C18A0DF00278317 /* Lastly */ = {
			isa = PBXGroup;
			children = (
				BD5B0B562C1B9529003F214C /* ContentView.swift */,
				BDAD8F0F2C18BDF400278317 /* PreviewSamples.swift */,
				BDAD8EF82C18A0DF00278317 /* LastlyApp.swift */,
				BDAD8F0D2C18BA6900278317 /* NavigationManager.swift */,
				BDAD8EFA2C18A0DF00278317 /* HomeView.swift */,
				BD719D1C2C1A110B007B06F1 /* InboxView.swift */,
				BD719D142C1A100D007B06F1 /* ByDateView.swift */,
				BD719D122C1A0FF9007B06F1 /* SearchView.swift */,
				BD719D102C19F890007B06F1 /* TaskRowView.swift */,
				BD0257602C1A3DBE00514B96 /* Focused.swift */,
				BDAD8F072C18A13E00278317 /* LastlyTask.swift */,
				BD719D1A2C1A10A6007B06F1 /* TagListView.swift */,
				BD719D212C1A12B8007B06F1 /* TaskListView.swift */,
				BD02575E2C1A3DAD00514B96 /* TaskAddBar.swift */,
				BDAD8F092C18B33800278317 /* LastlyTag.swift */,
				BDAD8EFC2C18A0E100278317 /* Assets.xcassets */,
				BDAD8EFE2C18A0E100278317 /* Lastly.entitlements */,
				BDAD8EFF2C18A0E100278317 /* Preview Content */,
			);
			path = Lastly;
			sourceTree = "<group>";
		};
		BDAD8EFF2C18A0E100278317 /* Preview Content */ = {
			isa = PBXGroup;
			children = (
				BDAD8F002C18A0E100278317 /* Preview Assets.xcassets */,
			);
			path = "Preview Content";
			sourceTree = "<group>";
		};
/* End PBXGroup section */

/* Begin PBXNativeTarget section */
		BDAD8EF42C18A0DF00278317 /* Lastly */ = {
			isa = PBXNativeTarget;
			buildConfigurationList = BDAD8F042C18A0E100278317 /* Build configuration list for PBXNativeTarget "Lastly" */;
			buildPhases = (
				BDAD8EF12C18A0DF00278317 /* Sources */,
				BDAD8EF22C18A0DF00278317 /* Frameworks */,
				BDAD8EF32C18A0DF00278317 /* Resources */,
			);
			buildRules = (
			);
			dependencies = (
			);
			name = Lastly;
			productName = Lastly;
			productReference = BDAD8EF52C18A0DF00278317 /* Lastly.app */;
			productType = "com.apple.product-type.application";
		};
/* End PBXNativeTarget section */

/* Begin PBXProject section */
		BDAD8EED2C18A0DF00278317 /* Project object */ = {
			isa = PBXProject;
			attributes = {
				BuildIndependentTargetsInParallel = 1;
				LastSwiftUpdateCheck = 1600;
				LastUpgradeCheck = 1600;
				TargetAttributes = {
					BDAD8EF42C18A0DF00278317 = {
						CreatedOnToolsVersion = 16.0;
					};
				};
			};
			buildConfigurationList = BDAD8EF02C18A0DF00278317 /* Build configuration list for PBXProject "Lastly" */;
			compatibilityVersion = "Xcode 15.0";
			developmentRegion = en;
			hasScannedForEncodings = 0;
			knownRegions = (
				en,
				Base,
			);
			mainGroup = BDAD8EEC2C18A0DF00278317;
			productRefGroup = BDAD8EF62C18A0DF00278317 /* Products */;
			projectDirPath = "";
			projectRoot = "";
			targets = (
				BDAD8EF42C18A0DF00278317 /* Lastly */,
			);
		};
/* End PBXProject section */

/* Begin PBXResourcesBuildPhase section */
		BDAD8EF32C18A0DF00278317 /* Resources */ = {
			isa = PBXResourcesBuildPhase;
			buildActionMask = 2147483647;
			files = (
				BDAD8F012C18A0E100278317 /* Preview Assets.xcassets in Resources */,
				BDAD8EFD2C18A0E100278317 /* Assets.xcassets in Resources */,
			);
			runOnlyForDeploymentPostprocessing = 0;
		};
/* End PBXResourcesBuildPhase section */

/* Begin PBXSourcesBuildPhase section */
		BDAD8EF12C18A0DF00278317 /* Sources */ = {
			isa = PBXSourcesBuildPhase;
			buildActionMask = 2147483647;
			files = (
				BDAD8F082C18A13E00278317 /* LastlyTask.swift in Sources */,
				BD719D1D2C1A110C007B06F1 /* InboxView.swift in Sources */,
				BD719D152C1A1013007B06F1 /* ByDateView.swift in Sources */,
				BD719D132C1A0FFB007B06F1 /* SearchView.swift in Sources */,
				BDAD8F102C18BDF400278317 /* PreviewSamples.swift in Sources */,
				BD719D112C19F893007B06F1 /* TaskRowView.swift in Sources */,
				BD719D222C1A12B8007B06F1 /* TaskListView.swift in Sources */,
				BDAD8EFB2C18A0DF00278317 /* HomeView.swift in Sources */,
				BD719D1B2C1A10A6007B06F1 /* TagListView.swift in Sources */,
				BDAD8EF92C18A0DF00278317 /* LastlyApp.swift in Sources */,
				BD0257612C1A3DC100514B96 /* Focused.swift in Sources */,
				BD5B0B572C1B9529003F214C /* ContentView.swift in Sources */,
				BDAD8F0A2C18B33800278317 /* LastlyTag.swift in Sources */,
				BD02575F2C1A3DAE00514B96 /* TaskAddBar.swift in Sources */,
				BDAD8F0E2C18BA6900278317 /* NavigationManager.swift in Sources */,
			);
			runOnlyForDeploymentPostprocessing = 0;
		};
/* End PBXSourcesBuildPhase section */

/* Begin XCBuildConfiguration section */
		BDAD8F022C18A0E100278317 /* Debug */ = {
			isa = XCBuildConfiguration;
			buildSettings = {
				ALWAYS_SEARCH_USER_PATHS = NO;
				ASSETCATALOG_COMPILER_GENERATE_SWIFT_ASSET_SYMBOL_EXTENSIONS = YES;
				CLANG_ANALYZER_NONNULL = YES;
				CLANG_ANALYZER_NUMBER_OBJECT_CONVERSION = YES_AGGRESSIVE;
				CLANG_CXX_LANGUAGE_STANDARD = "gnu++20";
				CLANG_ENABLE_MODULES = YES;
				CLANG_ENABLE_OBJC_ARC = YES;
				CLANG_ENABLE_OBJC_WEAK = YES;
				CLANG_WARN_BLOCK_CAPTURE_AUTORELEASING = YES;
				CLANG_WARN_BOOL_CONVERSION = YES;
				CLANG_WARN_COMMA = YES;
				CLANG_WARN_CONSTANT_CONVERSION = YES;
				CLANG_WARN_DEPRECATED_OBJC_IMPLEMENTATIONS = YES;
				CLANG_WARN_DIRECT_OBJC_ISA_USAGE = YES_ERROR;
				CLANG_WARN_DOCUMENTATION_COMMENTS = YES;
				CLANG_WARN_EMPTY_BODY = YES;
				CLANG_WARN_ENUM_CONVERSION = YES;
				CLANG_WARN_INFINITE_RECURSION = YES;
				CLANG_WARN_INT_CONVERSION = YES;
				CLANG_WARN_NON_LITERAL_NULL_CONVERSION = YES;
				CLANG_WARN_OBJC_IMPLICIT_RETAIN_SELF = YES;
				CLANG_WARN_OBJC_LITERAL_CONVERSION = YES;
				CLANG_WARN_OBJC_ROOT_CLASS = YES_ERROR;
				CLANG_WARN_QUOTED_INCLUDE_IN_FRAMEWORK_HEADER = YES;
				CLANG_WARN_RANGE_LOOP_ANALYSIS = YES;
				CLANG_WARN_STRICT_PROTOTYPES = YES;
				CLANG_WARN_SUSPICIOUS_MOVE = YES;
				CLANG_WARN_UNGUARDED_AVAILABILITY = YES_AGGRESSIVE;
				CLANG_WARN_UNREACHABLE_CODE = YES;
				CLANG_WARN__DUPLICATE_METHOD_MATCH = YES;
				COPY_PHASE_STRIP = NO;
				DEBUG_INFORMATION_FORMAT = dwarf;
				ENABLE_STRICT_OBJC_MSGSEND = YES;
				ENABLE_TESTABILITY = YES;
				ENABLE_USER_SCRIPT_SANDBOXING = YES;
				GCC_C_LANGUAGE_STANDARD = gnu17;
				GCC_DYNAMIC_NO_PIC = NO;
				GCC_NO_COMMON_BLOCKS = YES;
				GCC_OPTIMIZATION_LEVEL = 0;
				GCC_PREPROCESSOR_DEFINITIONS = (
					"DEBUG=1",
					"$(inherited)",
				);
				GCC_WARN_64_TO_32_BIT_CONVERSION = YES;
				GCC_WARN_ABOUT_RETURN_TYPE = YES_ERROR;
				GCC_WARN_UNDECLARED_SELECTOR = YES;
				GCC_WARN_UNINITIALIZED_AUTOS = YES_AGGRESSIVE;
				GCC_WARN_UNUSED_FUNCTION = YES;
				GCC_WARN_UNUSED_VARIABLE = YES;
				LOCALIZATION_PREFERS_STRING_CATALOGS = YES;
				MTL_ENABLE_DEBUG_INFO = INCLUDE_SOURCE;
				MTL_FAST_MATH = YES;
				ONLY_ACTIVE_ARCH = YES;
				SWIFT_ACTIVE_COMPILATION_CONDITIONS = "DEBUG $(inherited)";
				SWIFT_OPTIMIZATION_LEVEL = "-Onone";
			};
			name = Debug;
		};
		BDAD8F032C18A0E100278317 /* Release */ = {
			isa = XCBuildConfiguration;
			buildSettings = {
				ALWAYS_SEARCH_USER_PATHS = NO;
				ASSETCATALOG_COMPILER_GENERATE_SWIFT_ASSET_SYMBOL_EXTENSIONS = YES;
				CLANG_ANALYZER_NONNULL = YES;
				CLANG_ANALYZER_NUMBER_OBJECT_CONVERSION = YES_AGGRESSIVE;
				CLANG_CXX_LANGUAGE_STANDARD = "gnu++20";
				CLANG_ENABLE_MODULES = YES;
				CLANG_ENABLE_OBJC_ARC = YES;
				CLANG_ENABLE_OBJC_WEAK = YES;
				CLANG_WARN_BLOCK_CAPTURE_AUTORELEASING = YES;
				CLANG_WARN_BOOL_CONVERSION = YES;
				CLANG_WARN_COMMA = YES;
				CLANG_WARN_CONSTANT_CONVERSION = YES;
				CLANG_WARN_DEPRECATED_OBJC_IMPLEMENTATIONS = YES;
				CLANG_WARN_DIRECT_OBJC_ISA_USAGE = YES_ERROR;
				CLANG_WARN_DOCUMENTATION_COMMENTS = YES;
				CLANG_WARN_EMPTY_BODY = YES;
				CLANG_WARN_ENUM_CONVERSION = YES;
				CLANG_WARN_INFINITE_RECURSION = YES;
				CLANG_WARN_INT_CONVERSION = YES;
				CLANG_WARN_NON_LITERAL_NULL_CONVERSION = YES;
				CLANG_WARN_OBJC_IMPLICIT_RETAIN_SELF = YES;
				CLANG_WARN_OBJC_LITERAL_CONVERSION = YES;
				CLANG_WARN_OBJC_ROOT_CLASS = YES_ERROR;
				CLANG_WARN_QUOTED_INCLUDE_IN_FRAMEWORK_HEADER = YES;
				CLANG_WARN_RANGE_LOOP_ANALYSIS = YES;
				CLANG_WARN_STRICT_PROTOTYPES = YES;
				CLANG_WARN_SUSPICIOUS_MOVE = YES;
				CLANG_WARN_UNGUARDED_AVAILABILITY = YES_AGGRESSIVE;
				CLANG_WARN_UNREACHABLE_CODE = YES;
				CLANG_WARN__DUPLICATE_METHOD_MATCH = YES;
				COPY_PHASE_STRIP = NO;
				DEBUG_INFORMATION_FORMAT = "dwarf-with-dsym";
				ENABLE_NS_ASSERTIONS = NO;
				ENABLE_STRICT_OBJC_MSGSEND = YES;
				ENABLE_USER_SCRIPT_SANDBOXING = YES;
				GCC_C_LANGUAGE_STANDARD = gnu17;
				GCC_NO_COMMON_BLOCKS = YES;
				GCC_WARN_64_TO_32_BIT_CONVERSION = YES;
				GCC_WARN_ABOUT_RETURN_TYPE = YES_ERROR;
				GCC_WARN_UNDECLARED_SELECTOR = YES;
				GCC_WARN_UNINITIALIZED_AUTOS = YES_AGGRESSIVE;
				GCC_WARN_UNUSED_FUNCTION = YES;
				GCC_WARN_UNUSED_VARIABLE = YES;
				LOCALIZATION_PREFERS_STRING_CATALOGS = YES;
				MTL_ENABLE_DEBUG_INFO = NO;
				MTL_FAST_MATH = YES;
				SWIFT_COMPILATION_MODE = wholemodule;
			};
			name = Release;
		};
		BDAD8F052C18A0E100278317 /* Debug */ = {
			isa = XCBuildConfiguration;
			buildSettings = {
				ASSETCATALOG_COMPILER_APPICON_NAME = AppIcon;
				ASSETCATALOG_COMPILER_GLOBAL_ACCENT_COLOR_NAME = AccentColor;
				CODE_SIGN_ENTITLEMENTS = Lastly/Lastly.entitlements;
				CODE_SIGN_STYLE = Automatic;
				CURRENT_PROJECT_VERSION = 1;
				DEVELOPMENT_ASSET_PATHS = "\"Lastly/Preview Content\"";
				DEVELOPMENT_TEAM = 6ZT823VK2T;
				ENABLE_HARDENED_RUNTIME = YES;
				ENABLE_PREVIEWS = YES;
				GENERATE_INFOPLIST_FILE = YES;
				"INFOPLIST_KEY_UIApplicationSceneManifest_Generation[sdk=iphoneos*]" = YES;
				"INFOPLIST_KEY_UIApplicationSceneManifest_Generation[sdk=iphonesimulator*]" = YES;
				"INFOPLIST_KEY_UIApplicationSupportsIndirectInputEvents[sdk=iphoneos*]" = YES;
				"INFOPLIST_KEY_UIApplicationSupportsIndirectInputEvents[sdk=iphonesimulator*]" = YES;
				"INFOPLIST_KEY_UILaunchScreen_Generation[sdk=iphoneos*]" = YES;
				"INFOPLIST_KEY_UILaunchScreen_Generation[sdk=iphonesimulator*]" = YES;
				"INFOPLIST_KEY_UIStatusBarStyle[sdk=iphoneos*]" = UIStatusBarStyleDefault;
				"INFOPLIST_KEY_UIStatusBarStyle[sdk=iphonesimulator*]" = UIStatusBarStyleDefault;
				INFOPLIST_KEY_UISupportedInterfaceOrientations_iPad = "UIInterfaceOrientationPortrait UIInterfaceOrientationPortraitUpsideDown UIInterfaceOrientationLandscapeLeft UIInterfaceOrientationLandscapeRight";
				INFOPLIST_KEY_UISupportedInterfaceOrientations_iPhone = "UIInterfaceOrientationPortrait UIInterfaceOrientationLandscapeLeft UIInterfaceOrientationLandscapeRight";
				IPHONEOS_DEPLOYMENT_TARGET = 18.0;
				LD_RUNPATH_SEARCH_PATHS = "@executable_path/Frameworks";
				"LD_RUNPATH_SEARCH_PATHS[sdk=macosx*]" = "@executable_path/../Frameworks";
				MACOSX_DEPLOYMENT_TARGET = 15.0;
				MARKETING_VERSION = 1.0;
				PRODUCT_BUNDLE_IDENTIFIER = com.frank.Lastly;
				PRODUCT_NAME = "$(TARGET_NAME)";
				SDKROOT = auto;
				SUPPORTED_PLATFORMS = "iphoneos iphonesimulator macosx xros xrsimulator";
				SWIFT_EMIT_LOC_STRINGS = YES;
				SWIFT_VERSION = 5.0;
				TARGETED_DEVICE_FAMILY = "1,2,7";
				XROS_DEPLOYMENT_TARGET = 2.0;
			};
			name = Debug;
		};
		BDAD8F062C18A0E100278317 /* Release */ = {
			isa = XCBuildConfiguration;
			buildSettings = {
				ASSETCATALOG_COMPILER_APPICON_NAME = AppIcon;
				ASSETCATALOG_COMPILER_GLOBAL_ACCENT_COLOR_NAME = AccentColor;
				CODE_SIGN_ENTITLEMENTS = Lastly/Lastly.entitlements;
				CODE_SIGN_STYLE = Automatic;
				CURRENT_PROJECT_VERSION = 1;
				DEVELOPMENT_ASSET_PATHS = "\"Lastly/Preview Content\"";
				DEVELOPMENT_TEAM = 6ZT823VK2T;
				ENABLE_HARDENED_RUNTIME = YES;
				ENABLE_PREVIEWS = YES;
				GENERATE_INFOPLIST_FILE = YES;
				"INFOPLIST_KEY_UIApplicationSceneManifest_Generation[sdk=iphoneos*]" = YES;
				"INFOPLIST_KEY_UIApplicationSceneManifest_Generation[sdk=iphonesimulator*]" = YES;
				"INFOPLIST_KEY_UIApplicationSupportsIndirectInputEvents[sdk=iphoneos*]" = YES;
				"INFOPLIST_KEY_UIApplicationSupportsIndirectInputEvents[sdk=iphonesimulator*]" = YES;
				"INFOPLIST_KEY_UILaunchScreen_Generation[sdk=iphoneos*]" = YES;
				"INFOPLIST_KEY_UILaunchScreen_Generation[sdk=iphonesimulator*]" = YES;
				"INFOPLIST_KEY_UIStatusBarStyle[sdk=iphoneos*]" = UIStatusBarStyleDefault;
				"INFOPLIST_KEY_UIStatusBarStyle[sdk=iphonesimulator*]" = UIStatusBarStyleDefault;
				INFOPLIST_KEY_UISupportedInterfaceOrientations_iPad = "UIInterfaceOrientationPortrait UIInterfaceOrientationPortraitUpsideDown UIInterfaceOrientationLandscapeLeft UIInterfaceOrientationLandscapeRight";
				INFOPLIST_KEY_UISupportedInterfaceOrientations_iPhone = "UIInterfaceOrientationPortrait UIInterfaceOrientationLandscapeLeft UIInterfaceOrientationLandscapeRight";
				IPHONEOS_DEPLOYMENT_TARGET = 18.0;
				LD_RUNPATH_SEARCH_PATHS = "@executable_path/Frameworks";
				"LD_RUNPATH_SEARCH_PATHS[sdk=macosx*]" = "@executable_path/../Frameworks";
				MACOSX_DEPLOYMENT_TARGET = 15.0;
				MARKETING_VERSION = 1.0;
				PRODUCT_BUNDLE_IDENTIFIER = com.frank.Lastly;
				PRODUCT_NAME = "$(TARGET_NAME)";
				SDKROOT = auto;
				SUPPORTED_PLATFORMS = "iphoneos iphonesimulator macosx xros xrsimulator";
				SWIFT_EMIT_LOC_STRINGS = YES;
				SWIFT_VERSION = 5.0;
				TARGETED_DEVICE_FAMILY = "1,2,7";
				XROS_DEPLOYMENT_TARGET = 2.0;
			};
			name = Release;
		};
/* End XCBuildConfiguration section */

/* Begin XCConfigurationList section */
		BDAD8EF02C18A0DF00278317 /* Build configuration list for PBXProject "Lastly" */ = {
			isa = XCConfigurationList;
			buildConfigurations = (
				BDAD8F022C18A0E100278317 /* Debug */,
				BDAD8F032C18A0E100278317 /* Release */,
			);
			defaultConfigurationIsVisible = 0;
			defaultConfigurationName = Release;
		};
		BDAD8F042C18A0E100278317 /* Build configuration list for PBXNativeTarget "Lastly" */ = {
			isa = XCConfigurationList;
			buildConfigurations = (
				BDAD8F052C18A0E100278317 /* Debug */,
				BDAD8F062C18A0E100278317 /* Release */,
			);
			defaultConfigurationIsVisible = 0;
			defaultConfigurationName = Release;
		};
/* End XCConfigurationList section */
	};
	rootObject = BDAD8EED2C18A0DF00278317 /* Project object */;
}
